Microsoft Visual Studio Solution File, Format Version 11.00
# Visual Studio 2008

Project("{6224432B-ED3D-9EF3-DEDE-3C05CFAE7A9C}") = "DolbyTechChallenge", "Assembly-CSharp.csproj", "{A68362BF-2BEA-1E29-C92D-B9B590C099ED}"
EndProject
Global
	GlobalSection(SolutionConfigurationPlatforms) = preSolution
		Debug|Any CPU = Debug|Any CPU
		Release|Any CPU = Release|Any CPU
	EndGlobalSection
	GlobalSection(ProjectConfigurationPlatforms) = postSolution
		{A68362BF-2BEA-1E29-C92D-B9B590C099ED}.Debug|Any CPU.ActiveCfg = Debug|Any CPU
		{A68362BF-2BEA-1E29-C92D-B9B590C099ED}.Debug|Any CPU.Build.0 = Debug|Any CPU
		{A68362BF-2BEA-1E29-C92D-B9B590C099ED}.Release|Any CPU.ActiveCfg = Release|Any CPU
		{A68362BF-2BEA-1E29-C92D-B9B590C099ED}.Release|Any CPU.Build.0 = Release|Any CPU
	EndGlobalSection
	GlobalSection(SolutionProperties) = preSolution
		HideSolutionNode = FALSE
	EndGlobalSection
	GlobalSection(MonoDevelopProperties) = preSolution
		StartupItem = Assembly-CSharp.csproj
	EndGlobalSection
EndGlobal
